
Microsoft Visual Studio Solution File, Format Version 12.00
# Visual Studio 2012
Project("{F184B08F-C81C-45F6-A57F-5ABD9991F28F}") = "WebSockets", "WebSockets\WebSockets.vbproj", "{FF59A276-70DF-41F5-887F-D756E234E8FC}"
EndProject
Global
	GlobalSection(SolutionConfigurationPlatforms) = preSolution
		Debug|Any CPU = Debug|Any CPU
		Release|Any CPU = Release|Any CPU
	EndGlobalSection
	GlobalSection(ProjectConfigurationPlatforms) = postSolution
		{FF59A276-70DF-41F5-887F-D756E234E8FC}.Debug|Any CPU.ActiveCfg = Debug|Any CPU
		{FF59A276-70DF-41F5-887F-D756E234E8FC}.Debug|Any CPU.Build.0 = Debug|Any CPU
		{FF59A276-70DF-41F5-887F-D756E234E8FC}.Release|Any CPU.ActiveCfg = Release|Any CPU
		{FF59A276-70DF-41F5-887F-D756E234E8FC}.Release|Any CPU.Build.0 = Release|Any CPU
	EndGlobalSection
	GlobalSection(SolutionProperties) = preSolution
		HideSolutionNode = FALSE
	EndGlobalSection
EndGlobal
